
Microsoft Visual Studio Solution File, Format Version 12.00
# Visual Studio Version 17
VisualStudioVersion = 17.11.35312.102
MinimumVisualStudioVersion = 10.0.40219.1
Project("{FAE04EC0-301F-11D3-BF4B-00C04F79EFBC}") = "PostAndStory", "PostAndStory\PostAndStory.csproj", "{CF702294-3B48-4AE4-A0CF-35CC5A86F592}"
EndProject
Global
	GlobalSection(SolutionConfigurationPlatforms) = preSolution
		Debug|Any CPU = Debug|Any CPU
		Release|Any CPU = Release|Any CPU
	EndGlobalSection
	GlobalSection(ProjectConfigurationPlatforms) = postSolution
		{CF702294-3B48-4AE4-A0CF-35CC5A86F592}.Debug|Any CPU.ActiveCfg = Debug|Any CPU
		{CF702294-3B48-4AE4-A0CF-35CC5A86F592}.Debug|Any CPU.Build.0 = Debug|Any CPU
		{CF702294-3B48-4AE4-A0CF-35CC5A86F592}.Release|Any CPU.ActiveCfg = Release|Any CPU
		{CF702294-3B48-4AE4-A0CF-35CC5A86F592}.Release|Any CPU.Build.0 = Release|Any CPU
	EndGlobalSection
	GlobalSection(SolutionProperties) = preSolution
		HideSolutionNode = FALSE
	EndGlobalSection
	GlobalSection(ExtensibilityGlobals) = postSolution
		SolutionGuid = {B6E98BC0-B830-4CDC-ACE4-E38CAD042370}
	EndGlobalSection
EndGlobal
